
Microsoft Visual Studio Solution File, Format Version 12.00
# Visual Studio 15
VisualStudioVersion = 15.0.27703.2026
MinimumVisualStudioVersion = 10.0.40219.1
Project("{FAE04EC0-301F-11D3-BF4B-00C04F79EFBC}") = "Firma_transportowa", "Firma_transportowa\Firma_transportowa.csproj", "{7717C9D9-B30E-42C7-B7A5-46EEBA156E43}"
EndProject
Project("{FAE04EC0-301F-11D3-BF4B-00C04F79EFBC}") = "Firma_transportowa.Tests", "Firma_transportowa.Tests\Firma_transportowa.Tests.csproj", "{BBD334B0-E701-421F-8D38-2DE68B1D9583}"
EndProject
Global
	GlobalSection(SolutionConfigurationPlatforms) = preSolution
		Debug|Any CPU = Debug|Any CPU
		Release|Any CPU = Release|Any CPU
	EndGlobalSection
	GlobalSection(ProjectConfigurationPlatforms) = postSolution
		{7717C9D9-B30E-42C7-B7A5-46EEBA156E43}.Debug|Any CPU.ActiveCfg = Debug|Any CPU
		{7717C9D9-B30E-42C7-B7A5-46EEBA156E43}.Debug|Any CPU.Build.0 = Debug|Any CPU
		{7717C9D9-B30E-42C7-B7A5-46EEBA156E43}.Release|Any CPU.ActiveCfg = Release|Any CPU
		{7717C9D9-B30E-42C7-B7A5-46EEBA156E43}.Release|Any CPU.Build.0 = Release|Any CPU
		{BBD334B0-E701-421F-8D38-2DE68B1D9583}.Debug|Any CPU.ActiveCfg = Debug|Any CPU
		{BBD334B0-E701-421F-8D38-2DE68B1D9583}.Debug|Any CPU.Build.0 = Debug|Any CPU
		{BBD334B0-E701-421F-8D38-2DE68B1D9583}.Release|Any CPU.ActiveCfg = Release|Any CPU
		{BBD334B0-E701-421F-8D38-2DE68B1D9583}.Release|Any CPU.Build.0 = Release|Any CPU
	EndGlobalSection
	GlobalSection(SolutionProperties) = preSolution
		HideSolutionNode = FALSE
	EndGlobalSection
	GlobalSection(ExtensibilityGlobals) = postSolution
		SolutionGuid = {68DD7AE2-ADE8-4521-AB51-C1ABDF051D0F}
	EndGlobalSection
EndGlobal
